// !$*UTF8*$!
{
	archiveVersion = 1;
	classes = {
	};
	objectVersion = 48;
	objects = {

/* Begin PBXBuildFile section */
		2442273FB9BD6EEC9678A937 /* Pods_affective_chat.framework in Frameworks */ = {isa = PBXBuildFile; fileRef = 5C9949768F5927D626B3EEE3 /* Pods_affective_chat.framework */; };
		90CAECFA1FB36137007693CB /* AppDelegate.swift in Sources */ = {isa = PBXBuildFile; fileRef = 90CAECF91FB36137007693CB /* AppDelegate.swift */; };
		90CAED021FB36137007693CB /* affective_chat.xcdatamodeld in Sources */ = {isa = PBXBuildFile; fileRef = 90CAED001FB36137007693CB /* affective_chat.xcdatamodeld */; };
		90CAED041FB36137007693CB /* Assets.xcassets in Resources */ = {isa = PBXBuildFile; fileRef = 90CAED031FB36137007693CB /* Assets.xcassets */; };
		90CAED071FB36137007693CB /* LaunchScreen.storyboard in Resources */ = {isa = PBXBuildFile; fileRef = 90CAED051FB36137007693CB /* LaunchScreen.storyboard */; };
		E528F9E21FBC437E00FFD02E /* DataStore.swift in Sources */ = {isa = PBXBuildFile; fileRef = E528F9E11FBC437E00FFD02E /* DataStore.swift */; };
		E528F9E71FBC46B200FFD02E /* ServerAPI.swift in Sources */ = {isa = PBXBuildFile; fileRef = E528F9E61FBC46B200FFD02E /* ServerAPI.swift */; };
		E528F9E91FBC4D1000FFD02E /* MicrosoftBandKit_iOS.framework in Frameworks */ = {isa = PBXBuildFile; fileRef = E528F9E81FBC4D1000FFD02E /* MicrosoftBandKit_iOS.framework */; };
		E535DDB31FC089FC007D6BE6 /* MBConnection.swift in Sources */ = {isa = PBXBuildFile; fileRef = E535DDB21FC089FC007D6BE6 /* MBConnection.swift */; };
		E535DDB91FC08DC4007D6BE6 /* NotificationHandler.swift in Sources */ = {isa = PBXBuildFile; fileRef = E535DDB81FC08DC4007D6BE6 /* NotificationHandler.swift */; };
		E535DDBB1FC08FFB007D6BE6 /* MBDataStore.swift in Sources */ = {isa = PBXBuildFile; fileRef = E535DDBA1FC08FFB007D6BE6 /* MBDataStore.swift */; };
		E535DDBE1FC09358007D6BE6 /* MBDataSubscriber.swift in Sources */ = {isa = PBXBuildFile; fileRef = E535DDBD1FC09358007D6BE6 /* MBDataSubscriber.swift */; };
		E53F57701FBCA6330013043C /* RegisterViewController.swift in Sources */ = {isa = PBXBuildFile; fileRef = E53F576F1FBCA6330013043C /* RegisterViewController.swift */; };
		E53F57721FBCCE130013043C /* RegisterView.swift in Sources */ = {isa = PBXBuildFile; fileRef = E53F57711FBCCE130013043C /* RegisterView.swift */; };
		E53F57751FBCD51C0013043C /* ListViewController.swift in Sources */ = {isa = PBXBuildFile; fileRef = E53F57741FBCD51C0013043C /* ListViewController.swift */; };
		E53F57771FBCD52B0013043C /* ListView.swift in Sources */ = {isa = PBXBuildFile; fileRef = E53F57761FBCD52B0013043C /* ListView.swift */; };
		E53F57791FBCD6E10013043C /* RegisterViewModel.swift in Sources */ = {isa = PBXBuildFile; fileRef = E53F57781FBCD6E10013043C /* RegisterViewModel.swift */; };
		E53F577B1FBCD7DD0013043C /* Constants.swift in Sources */ = {isa = PBXBuildFile; fileRef = E53F577A1FBCD7DD0013043C /* Constants.swift */; };
		E54ABE081FBC4F820056D1ED /* CoreBluetooth.framework in Frameworks */ = {isa = PBXBuildFile; fileRef = E528F9EA1FBC4DC500FFD02E /* CoreBluetooth.framework */; };
		E5F914211FC0623400367BFE /* ActivityIndicator.swift in Sources */ = {isa = PBXBuildFile; fileRef = E5F914201FC0623400367BFE /* ActivityIndicator.swift */; };
		E5FD33181FC0BF5600A3AED2 /* CompactNetworkLoggerPlugin.swift in Sources */ = {isa = PBXBuildFile; fileRef = E5FD33171FC0BF5600A3AED2 /* CompactNetworkLoggerPlugin.swift */; };
/* End PBXBuildFile section */

/* Begin PBXFileReference section */
		4FB0EC44D9A4BCFFF54941EF /* Pods-affective-chat.debug.xcconfig */ = {isa = PBXFileReference; includeInIndex = 1; lastKnownFileType = text.xcconfig; name = "Pods-affective-chat.debug.xcconfig"; path = "Pods/Target Support Files/Pods-affective-chat/Pods-affective-chat.debug.xcconfig"; sourceTree = "<group>"; };
		5C9949768F5927D626B3EEE3 /* Pods_affective_chat.framework */ = {isa = PBXFileReference; explicitFileType = wrapper.framework; includeInIndex = 0; path = Pods_affective_chat.framework; sourceTree = BUILT_PRODUCTS_DIR; };
		90CAECF61FB36137007693CB /* affective-chat.app */ = {isa = PBXFileReference; explicitFileType = wrapper.application; includeInIndex = 0; path = "affective-chat.app"; sourceTree = BUILT_PRODUCTS_DIR; };
		90CAECF91FB36137007693CB /* AppDelegate.swift */ = {isa = PBXFileReference; lastKnownFileType = sourcecode.swift; path = AppDelegate.swift; sourceTree = "<group>"; };
		90CAED011FB36137007693CB /* affective_chat.xcdatamodel */ = {isa = PBXFileReference; lastKnownFileType = wrapper.xcdatamodel; path = affective_chat.xcdatamodel; sourceTree = "<group>"; };
		90CAED031FB36137007693CB /* Assets.xcassets */ = {isa = PBXFileReference; lastKnownFileType = folder.assetcatalog; path = Assets.xcassets; sourceTree = "<group>"; };
		90CAED061FB36137007693CB /* Base */ = {isa = PBXFileReference; lastKnownFileType = file.storyboard; name = Base; path = Base.lproj/LaunchScreen.storyboard; sourceTree = "<group>"; };
		90CAED081FB36137007693CB /* Info.plist */ = {isa = PBXFileReference; lastKnownFileType = text.plist.xml; path = Info.plist; sourceTree = "<group>"; };
		90CAED0E1FB368E8007693CB /* affective-chat.entitlements */ = {isa = PBXFileReference; lastKnownFileType = text.plist.entitlements; path = "affective-chat.entitlements"; sourceTree = "<group>"; };
		D6F408E7B83AA07EA9635B3B /* Pods-affective-chat.release.xcconfig */ = {isa = PBXFileReference; includeInIndex = 1; lastKnownFileType = text.xcconfig; name = "Pods-affective-chat.release.xcconfig"; path = "Pods/Target Support Files/Pods-affective-chat/Pods-affective-chat.release.xcconfig"; sourceTree = "<group>"; };
		E528F9E11FBC437E00FFD02E /* DataStore.swift */ = {isa = PBXFileReference; lastKnownFileType = sourcecode.swift; path = DataStore.swift; sourceTree = "<group>"; };
		E528F9E61FBC46B200FFD02E /* ServerAPI.swift */ = {isa = PBXFileReference; lastKnownFileType = sourcecode.swift; path = ServerAPI.swift; sourceTree = "<group>"; };
		E528F9E81FBC4D1000FFD02E /* MicrosoftBandKit_iOS.framework */ = {isa = PBXFileReference; lastKnownFileType = wrapper.framework; path = MicrosoftBandKit_iOS.framework; sourceTree = "<group>"; };
		E528F9EA1FBC4DC500FFD02E /* CoreBluetooth.framework */ = {isa = PBXFileReference; lastKnownFileType = wrapper.framework; name = CoreBluetooth.framework; path = System/Library/Frameworks/CoreBluetooth.framework; sourceTree = SDKROOT; };
		E535DDB21FC089FC007D6BE6 /* MBConnection.swift */ = {isa = PBXFileReference; lastKnownFileType = sourcecode.swift; path = MBConnection.swift; sourceTree = "<group>"; };
		E535DDB41FC08A46007D6BE6 /* affective-chat-Bridging-Header.h */ = {isa = PBXFileReference; lastKnownFileType = sourcecode.c.h; path = "affective-chat-Bridging-Header.h"; sourceTree = "<group>"; };
		E535DDB81FC08DC4007D6BE6 /* NotificationHandler.swift */ = {isa = PBXFileReference; lastKnownFileType = sourcecode.swift; path = NotificationHandler.swift; sourceTree = "<group>"; };
		E535DDBA1FC08FFB007D6BE6 /* MBDataStore.swift */ = {isa = PBXFileReference; lastKnownFileType = sourcecode.swift; path = MBDataStore.swift; sourceTree = "<group>"; };
		E535DDBD1FC09358007D6BE6 /* MBDataSubscriber.swift */ = {isa = PBXFileReference; lastKnownFileType = sourcecode.swift; path = MBDataSubscriber.swift; sourceTree = "<group>"; };
		E53F576F1FBCA6330013043C /* RegisterViewController.swift */ = {isa = PBXFileReference; lastKnownFileType = sourcecode.swift; path = RegisterViewController.swift; sourceTree = "<group>"; };
		E53F57711FBCCE130013043C /* RegisterView.swift */ = {isa = PBXFileReference; lastKnownFileType = sourcecode.swift; path = RegisterView.swift; sourceTree = "<group>"; };
		E53F57741FBCD51C0013043C /* ListViewController.swift */ = {isa = PBXFileReference; lastKnownFileType = sourcecode.swift; path = ListViewController.swift; sourceTree = "<group>"; };
		E53F57761FBCD52B0013043C /* ListView.swift */ = {isa = PBXFileReference; lastKnownFileType = sourcecode.swift; path = ListView.swift; sourceTree = "<group>"; };
		E53F57781FBCD6E10013043C /* RegisterViewModel.swift */ = {isa = PBXFileReference; lastKnownFileType = sourcecode.swift; path = RegisterViewModel.swift; sourceTree = "<group>"; };
		E53F577A1FBCD7DD0013043C /* Constants.swift */ = {isa = PBXFileReference; lastKnownFileType = sourcecode.swift; path = Constants.swift; sourceTree = "<group>"; };
		E5F914201FC0623400367BFE /* ActivityIndicator.swift */ = {isa = PBXFileReference; lastKnownFileType = sourcecode.swift; path = ActivityIndicator.swift; sourceTree = "<group>"; };
		E5FD33171FC0BF5600A3AED2 /* CompactNetworkLoggerPlugin.swift */ = {isa = PBXFileReference; fileEncoding = 4; lastKnownFileType = sourcecode.swift; path = CompactNetworkLoggerPlugin.swift; sourceTree = "<group>"; };
/* End PBXFileReference section */

/* Begin PBXFrameworksBuildPhase section */
		90CAECF31FB36137007693CB /* Frameworks */ = {
			isa = PBXFrameworksBuildPhase;
			buildActionMask = 2147483647;
			files = (
				E54ABE081FBC4F820056D1ED /* CoreBluetooth.framework in Frameworks */,
				2442273FB9BD6EEC9678A937 /* Pods_affective_chat.framework in Frameworks */,
				E528F9E91FBC4D1000FFD02E /* MicrosoftBandKit_iOS.framework in Frameworks */,
			);
			runOnlyForDeploymentPostprocessing = 0;
		};
/* End PBXFrameworksBuildPhase section */

/* Begin PBXGroup section */
		90CAECED1FB36137007693CB = {
			isa = PBXGroup;
			children = (
				E528F9E81FBC4D1000FFD02E /* MicrosoftBandKit_iOS.framework */,
				90CAECF81FB36137007693CB /* affective-chat */,
				90CAECF71FB36137007693CB /* Products */,
				92E87EE0E9E78B11A97317E6 /* Pods */,
				A79296D49357BD5F58A9F74D /* Frameworks */,
			);
			sourceTree = "<group>";
		};
		90CAECF71FB36137007693CB /* Products */ = {
			isa = PBXGroup;
			children = (
				90CAECF61FB36137007693CB /* affective-chat.app */,
			);
			name = Products;
			sourceTree = "<group>";
		};
		90CAECF81FB36137007693CB /* affective-chat */ = {
			isa = PBXGroup;
			children = (
				90CAECF91FB36137007693CB /* AppDelegate.swift */,
				E528F9E01FBC437000FFD02E /* Model */,
				E528F9DF1FBC436000FFD02E /* Business Logic */,
				E528F9DE1FBC435800FFD02E /* Presentation */,
				E5F9141F1FC0621200367BFE /* Extensions & Helpers */,
				E528F9DD1FBC432E00FFD02E /* Resources */,
				E528F9DC1FBC432000FFD02E /* Supporting Files */,
			);
			path = "affective-chat";
			sourceTree = "<group>";
		};
		92E87EE0E9E78B11A97317E6 /* Pods */ = {
			isa = PBXGroup;
			children = (
				4FB0EC44D9A4BCFFF54941EF /* Pods-affective-chat.debug.xcconfig */,
				D6F408E7B83AA07EA9635B3B /* Pods-affective-chat.release.xcconfig */,
			);
			name = Pods;
			sourceTree = "<group>";
		};
		A79296D49357BD5F58A9F74D /* Frameworks */ = {
			isa = PBXGroup;
			children = (
				E528F9EA1FBC4DC500FFD02E /* CoreBluetooth.framework */,
				5C9949768F5927D626B3EEE3 /* Pods_affective_chat.framework */,
			);
			name = Frameworks;
			sourceTree = "<group>";
		};
		E528F9DC1FBC432000FFD02E /* Supporting Files */ = {
			isa = PBXGroup;
			children = (
				90CAED081FB36137007693CB /* Info.plist */,
				90CAED0E1FB368E8007693CB /* affective-chat.entitlements */,
				E535DDB41FC08A46007D6BE6 /* affective-chat-Bridging-Header.h */,
			);
			path = "Supporting Files";
			sourceTree = "<group>";
		};
		E528F9DD1FBC432E00FFD02E /* Resources */ = {
			isa = PBXGroup;
			children = (
				90CAED031FB36137007693CB /* Assets.xcassets */,
				90CAED051FB36137007693CB /* LaunchScreen.storyboard */,
			);
			path = Resources;
			sourceTree = "<group>";
		};
		E528F9DE1FBC435800FFD02E /* Presentation */ = {
			isa = PBXGroup;
			children = (
				E53F576E1FBCA5CB0013043C /* Register */,
				E53F57731FBCD4FA0013043C /* List */,
			);
			path = Presentation;
			sourceTree = "<group>";
		};
		E528F9DF1FBC436000FFD02E /* Business Logic */ = {
			isa = PBXGroup;
			children = (
				E535DDBC1FC0930D007D6BE6 /* Microsoft Band */,
				E528F9E11FBC437E00FFD02E /* DataStore.swift */,
				E535DDB81FC08DC4007D6BE6 /* NotificationHandler.swift */,
				E528F9E61FBC46B200FFD02E /* ServerAPI.swift */,
			);
			path = "Business Logic";
			sourceTree = "<group>";
		};
		E528F9E01FBC437000FFD02E /* Model */ = {
			isa = PBXGroup;
			children = (
				90CAED001FB36137007693CB /* affective_chat.xcdatamodeld */,
			);
			path = Model;
			sourceTree = "<group>";
		};
		E535DDBC1FC0930D007D6BE6 /* Microsoft Band */ = {
			isa = PBXGroup;
			children = (
				E535DDB21FC089FC007D6BE6 /* MBConnection.swift */,
				E535DDBD1FC09358007D6BE6 /* MBDataSubscriber.swift */,
				E535DDBA1FC08FFB007D6BE6 /* MBDataStore.swift */,
			);
			path = "Microsoft Band";
			sourceTree = "<group>";
		};
		E53F576E1FBCA5CB0013043C /* Register */ = {
			isa = PBXGroup;
			children = (
				E53F57781FBCD6E10013043C /* RegisterViewModel.swift */,
				E53F576F1FBCA6330013043C /* RegisterViewController.swift */,
				E53F57711FBCCE130013043C /* RegisterView.swift */,
			);
			path = Register;
			sourceTree = "<group>";
		};
		E53F57731FBCD4FA0013043C /* List */ = {
			isa = PBXGroup;
			children = (
				E53F57741FBCD51C0013043C /* ListViewController.swift */,
				E53F57761FBCD52B0013043C /* ListView.swift */,
			);
			path = List;
			sourceTree = "<group>";
		};
		E5F9141F1FC0621200367BFE /* Extensions & Helpers */ = {
			isa = PBXGroup;
			children = (
				E5F914201FC0623400367BFE /* ActivityIndicator.swift */,
				E5FD33171FC0BF5600A3AED2 /* CompactNetworkLoggerPlugin.swift */,
				E53F577A1FBCD7DD0013043C /* Constants.swift */,
			);
			path = "Extensions & Helpers";
			sourceTree = "<group>";
		};
/* End PBXGroup section */

/* Begin PBXNativeTarget section */
		90CAECF51FB36137007693CB /* affective-chat */ = {
			isa = PBXNativeTarget;
			buildConfigurationList = 90CAED0B1FB36137007693CB /* Build configuration list for PBXNativeTarget "affective-chat" */;
			buildPhases = (
				B960AE7B37AA931FBF812343 /* [CP] Check Pods Manifest.lock */,
				90CAECF21FB36137007693CB /* Sources */,
				90CAECF31FB36137007693CB /* Frameworks */,
				90CAECF41FB36137007693CB /* Resources */,
				7D423892096F685C18B4D198 /* [CP] Embed Pods Frameworks */,
				E85718DE56DAE24C5BD20122 /* [CP] Copy Pods Resources */,
			);
			buildRules = (
			);
			dependencies = (
			);
			name = "affective-chat";
			productName = "affective-chat";
			productReference = 90CAECF61FB36137007693CB /* affective-chat.app */;
			productType = "com.apple.product-type.application";
		};
/* End PBXNativeTarget section */

/* Begin PBXProject section */
		90CAECEE1FB36137007693CB /* Project object */ = {
			isa = PBXProject;
			attributes = {
				LastSwiftUpdateCheck = 0910;
				LastUpgradeCheck = 0910;
				ORGANIZATIONNAME = "Florian Fincke";
				TargetAttributes = {
					90CAECF51FB36137007693CB = {
						CreatedOnToolsVersion = 9.1;
						LastSwiftMigration = 0910;
						ProvisioningStyle = Automatic;
						SystemCapabilities = {
							com.apple.BackgroundModes = {
								enabled = 1;
							};
							com.apple.Push = {
								enabled = 1;
							};
						};
					};
				};
			};
			buildConfigurationList = 90CAECF11FB36137007693CB /* Build configuration list for PBXProject "affective-chat" */;
			compatibilityVersion = "Xcode 8.0";
			developmentRegion = en;
			hasScannedForEncodings = 0;
			knownRegions = (
				en,
				Base,
			);
			mainGroup = 90CAECED1FB36137007693CB;
			productRefGroup = 90CAECF71FB36137007693CB /* Products */;
			projectDirPath = "";
			projectRoot = "";
			targets = (
				90CAECF51FB36137007693CB /* affective-chat */,
			);
		};
/* End PBXProject section */

/* Begin PBXResourcesBuildPhase section */
		90CAECF41FB36137007693CB /* Resources */ = {
			isa = PBXResourcesBuildPhase;
			buildActionMask = 2147483647;
			files = (
				90CAED071FB36137007693CB /* LaunchScreen.storyboard in Resources */,
				90CAED041FB36137007693CB /* Assets.xcassets in Resources */,
			);
			runOnlyForDeploymentPostprocessing = 0;
		};
/* End PBXResourcesBuildPhase section */

/* Begin PBXShellScriptBuildPhase section */
		7D423892096F685C18B4D198 /* [CP] Embed Pods Frameworks */ = {
			isa = PBXShellScriptBuildPhase;
			buildActionMask = 2147483647;
			files = (
			);
			inputPaths = (
			);
			name = "[CP] Embed Pods Frameworks";
			outputPaths = (
			);
			runOnlyForDeploymentPostprocessing = 0;
			shellPath = /bin/sh;
			shellScript = "\"${SRCROOT}/Pods/Target Support Files/Pods-affective-chat/Pods-affective-chat-frameworks.sh\"\n";
			showEnvVarsInLog = 0;
		};
		B960AE7B37AA931FBF812343 /* [CP] Check Pods Manifest.lock */ = {
			isa = PBXShellScriptBuildPhase;
			buildActionMask = 2147483647;
			files = (
			);
			inputPaths = (
			);
			name = "[CP] Check Pods Manifest.lock";
			outputPaths = (
			);
			runOnlyForDeploymentPostprocessing = 0;
			shellPath = /bin/sh;
			shellScript = "diff \"${PODS_ROOT}/../Podfile.lock\" \"${PODS_ROOT}/Manifest.lock\" > /dev/null\nif [ $? != 0 ] ; then\n    # print error to STDERR\n    echo \"error: The sandbox is not in sync with the Podfile.lock. Run 'pod install' or update your CocoaPods installation.\" >&2\n    exit 1\nfi\n";
			showEnvVarsInLog = 0;
		};
		E85718DE56DAE24C5BD20122 /* [CP] Copy Pods Resources */ = {
			isa = PBXShellScriptBuildPhase;
			buildActionMask = 2147483647;
			files = (
			);
			inputPaths = (
			);
			name = "[CP] Copy Pods Resources";
			outputPaths = (
			);
			runOnlyForDeploymentPostprocessing = 0;
			shellPath = /bin/sh;
			shellScript = "\"${SRCROOT}/Pods/Target Support Files/Pods-affective-chat/Pods-affective-chat-resources.sh\"\n";
			showEnvVarsInLog = 0;
		};
/* End PBXShellScriptBuildPhase section */

/* Begin PBXSourcesBuildPhase section */
		90CAECF21FB36137007693CB /* Sources */ = {
			isa = PBXSourcesBuildPhase;
			buildActionMask = 2147483647;
			files = (
				E528F9E71FBC46B200FFD02E /* ServerAPI.swift in Sources */,
				E53F577B1FBCD7DD0013043C /* Constants.swift in Sources */,
				E53F57791FBCD6E10013043C /* RegisterViewModel.swift in Sources */,
				E5F914211FC0623400367BFE /* ActivityIndicator.swift in Sources */,
				E53F57701FBCA6330013043C /* RegisterViewController.swift in Sources */,
				E53F57721FBCCE130013043C /* RegisterView.swift in Sources */,
				E528F9E21FBC437E00FFD02E /* DataStore.swift in Sources */,
				90CAECFA1FB36137007693CB /* AppDelegate.swift in Sources */,
				E535DDB91FC08DC4007D6BE6 /* NotificationHandler.swift in Sources */,
				E535DDB31FC089FC007D6BE6 /* MBConnection.swift in Sources */,
				E53F57751FBCD51C0013043C /* ListViewController.swift in Sources */,
				E5FD33181FC0BF5600A3AED2 /* CompactNetworkLoggerPlugin.swift in Sources */,
				90CAED021FB36137007693CB /* affective_chat.xcdatamodeld in Sources */,
				E53F57771FBCD52B0013043C /* ListView.swift in Sources */,
				E535DDBB1FC08FFB007D6BE6 /* MBDataStore.swift in Sources */,
				E535DDBE1FC09358007D6BE6 /* MBDataSubscriber.swift in Sources */,
			);
			runOnlyForDeploymentPostprocessing = 0;
		};
/* End PBXSourcesBuildPhase section */

/* Begin PBXVariantGroup section */
		90CAED051FB36137007693CB /* LaunchScreen.storyboard */ = {
			isa = PBXVariantGroup;
			children = (
				90CAED061FB36137007693CB /* Base */,
			);
			name = LaunchScreen.storyboard;
			sourceTree = "<group>";
		};
/* End PBXVariantGroup section */

/* Begin XCBuildConfiguration section */
		90CAED091FB36137007693CB /* Debug */ = {
			isa = XCBuildConfiguration;
			buildSettings = {
				ALWAYS_SEARCH_USER_PATHS = NO;
				CLANG_ANALYZER_NONNULL = YES;
				CLANG_ANALYZER_NUMBER_OBJECT_CONVERSION = YES_AGGRESSIVE;
				CLANG_CXX_LANGUAGE_STANDARD = "gnu++14";
				CLANG_CXX_LIBRARY = "libc++";
				CLANG_ENABLE_MODULES = YES;
				CLANG_ENABLE_OBJC_ARC = YES;
				CLANG_WARN_BLOCK_CAPTURE_AUTORELEASING = YES;
				CLANG_WARN_BOOL_CONVERSION = YES;
				CLANG_WARN_COMMA = YES;
				CLANG_WARN_CONSTANT_CONVERSION = YES;
				CLANG_WARN_DIRECT_OBJC_ISA_USAGE = YES_ERROR;
				CLANG_WARN_DOCUMENTATION_COMMENTS = YES;
				CLANG_WARN_EMPTY_BODY = YES;
				CLANG_WARN_ENUM_CONVERSION = YES;
				CLANG_WARN_INFINITE_RECURSION = YES;
				CLANG_WARN_INT_CONVERSION = YES;
				CLANG_WARN_NON_LITERAL_NULL_CONVERSION = YES;
				CLANG_WARN_OBJC_LITERAL_CONVERSION = YES;
				CLANG_WARN_OBJC_ROOT_CLASS = YES_ERROR;
				CLANG_WARN_RANGE_LOOP_ANALYSIS = YES;
				CLANG_WARN_STRICT_PROTOTYPES = YES;
				CLANG_WARN_SUSPICIOUS_MOVE = YES;
				CLANG_WARN_UNGUARDED_AVAILABILITY = YES_AGGRESSIVE;
				CLANG_WARN_UNREACHABLE_CODE = YES;
				CLANG_WARN__DUPLICATE_METHOD_MATCH = YES;
				CODE_SIGN_IDENTITY = "iPhone Developer";
				COPY_PHASE_STRIP = NO;
				DEBUG_INFORMATION_FORMAT = dwarf;
				ENABLE_STRICT_OBJC_MSGSEND = YES;
				ENABLE_TESTABILITY = YES;
				GCC_C_LANGUAGE_STANDARD = gnu11;
				GCC_DYNAMIC_NO_PIC = NO;
				GCC_NO_COMMON_BLOCKS = YES;
				GCC_OPTIMIZATION_LEVEL = 0;
				GCC_PREPROCESSOR_DEFINITIONS = (
					"DEBUG=1",
					"$(inherited)",
				);
				GCC_WARN_64_TO_32_BIT_CONVERSION = YES;
				GCC_WARN_ABOUT_RETURN_TYPE = YES_ERROR;
				GCC_WARN_UNDECLARED_SELECTOR = YES;
				GCC_WARN_UNINITIALIZED_AUTOS = YES_AGGRESSIVE;
				GCC_WARN_UNUSED_FUNCTION = YES;
				GCC_WARN_UNUSED_VARIABLE = YES;
				IPHONEOS_DEPLOYMENT_TARGET = 11.1;
				MTL_ENABLE_DEBUG_INFO = YES;
				ONLY_ACTIVE_ARCH = YES;
				SDKROOT = iphoneos;
				SWIFT_ACTIVE_COMPILATION_CONDITIONS = DEBUG;
				SWIFT_OPTIMIZATION_LEVEL = "-Onone";
			};
			name = Debug;
		};
		90CAED0A1FB36137007693CB /* Release */ = {
			isa = XCBuildConfiguration;
			buildSettings = {
				ALWAYS_SEARCH_USER_PATHS = NO;
				CLANG_ANALYZER_NONNULL = YES;
				CLANG_ANALYZER_NUMBER_OBJECT_CONVERSION = YES_AGGRESSIVE;
				CLANG_CXX_LANGUAGE_STANDARD = "gnu++14";
				CLANG_CXX_LIBRARY = "libc++";
				CLANG_ENABLE_MODULES = YES;
				CLANG_ENABLE_OBJC_ARC = YES;
				CLANG_WARN_BLOCK_CAPTURE_AUTORELEASING = YES;
				CLANG_WARN_BOOL_CONVERSION = YES;
				CLANG_WARN_COMMA = YES;
				CLANG_WARN_CONSTANT_CONVERSION = YES;
				CLANG_WARN_DIRECT_OBJC_ISA_USAGE = YES_ERROR;
				CLANG_WARN_DOCUMENTATION_COMMENTS = YES;
				CLANG_WARN_EMPTY_BODY = YES;
				CLANG_WARN_ENUM_CONVERSION = YES;
				CLANG_WARN_INFINITE_RECURSION = YES;
				CLANG_WARN_INT_CONVERSION = YES;
				CLANG_WARN_NON_LITERAL_NULL_CONVERSION = YES;
				CLANG_WARN_OBJC_LITERAL_CONVERSION = YES;
				CLANG_WARN_OBJC_ROOT_CLASS = YES_ERROR;
				CLANG_WARN_RANGE_LOOP_ANALYSIS = YES;
				CLANG_WARN_STRICT_PROTOTYPES = YES;
				CLANG_WARN_SUSPICIOUS_MOVE = YES;
				CLANG_WARN_UNGUARDED_AVAILABILITY = YES_AGGRESSIVE;
				CLANG_WARN_UNREACHABLE_CODE = YES;
				CLANG_WARN__DUPLICATE_METHOD_MATCH = YES;
				CODE_SIGN_IDENTITY = "iPhone Developer";
				COPY_PHASE_STRIP = NO;
				DEBUG_INFORMATION_FORMAT = "dwarf-with-dsym";
				ENABLE_NS_ASSERTIONS = NO;
				ENABLE_STRICT_OBJC_MSGSEND = YES;
				GCC_C_LANGUAGE_STANDARD = gnu11;
				GCC_NO_COMMON_BLOCKS = YES;
				GCC_WARN_64_TO_32_BIT_CONVERSION = YES;
				GCC_WARN_ABOUT_RETURN_TYPE = YES_ERROR;
				GCC_WARN_UNDECLARED_SELECTOR = YES;
				GCC_WARN_UNINITIALIZED_AUTOS = YES_AGGRESSIVE;
				GCC_WARN_UNUSED_FUNCTION = YES;
				GCC_WARN_UNUSED_VARIABLE = YES;
				IPHONEOS_DEPLOYMENT_TARGET = 11.1;
				MTL_ENABLE_DEBUG_INFO = NO;
				SDKROOT = iphoneos;
				SWIFT_OPTIMIZATION_LEVEL = "-Owholemodule";
				VALIDATE_PRODUCT = YES;
			};
			name = Release;
		};
		90CAED0C1FB36137007693CB /* Debug */ = {
			isa = XCBuildConfiguration;
			baseConfigurationReference = 4FB0EC44D9A4BCFFF54941EF /* Pods-affective-chat.debug.xcconfig */;
			buildSettings = {
				ASSETCATALOG_COMPILER_APPICON_NAME = AppIcon;
				CLANG_ENABLE_MODULES = YES;
				CODE_SIGN_ENTITLEMENTS = "affective-chat/Supporting Files/affective-chat.entitlements";
				"CODE_SIGN_IDENTITY[sdk=iphoneos*]" = "iPhone Developer";
				CODE_SIGN_STYLE = Automatic;
				DEVELOPMENT_TEAM = C7PLUFBAM2;
				FRAMEWORK_SEARCH_PATHS = (
					"$(inherited)",
					"$(PROJECT_DIR)",
				);
				INFOPLIST_FILE = "affective-chat/Supporting Files/Info.plist";
				IPHONEOS_DEPLOYMENT_TARGET = 10.0;
				LD_RUNPATH_SEARCH_PATHS = "$(inherited) @executable_path/Frameworks";
				PRODUCT_BUNDLE_IDENTIFIER = "de.lmu.ifi.mobile.affective-chat";
				PRODUCT_NAME = "$(TARGET_NAME)";
				PROVISIONING_PROFILE_SPECIFIER = "";
				SWIFT_OBJC_BRIDGING_HEADER = "affective-chat/Supporting Files/affective-chat-Bridging-Header.h";
				SWIFT_OPTIMIZATION_LEVEL = "-Onone";
				SWIFT_VERSION = 4.0;
				TARGETED_DEVICE_FAMILY = "1,2";
			};
			name = Debug;
		};
		90CAED0D1FB36137007693CB /* Release */ = {
			isa = XCBuildConfiguration;
			baseConfigurationReference = D6F408E7B83AA07EA9635B3B /* Pods-affective-chat.release.xcconfig */;
			buildSettings = {
				ASSETCATALOG_COMPILER_APPICON_NAME = AppIcon;
				CLANG_ENABLE_MODULES = YES;
				CODE_SIGN_ENTITLEMENTS = "affective-chat/Supporting Files/affective-chat.entitlements";
				"CODE_SIGN_IDENTITY[sdk=iphoneos*]" = "iPhone Developer";
				CODE_SIGN_STYLE = Automatic;
				DEVELOPMENT_TEAM = C7PLUFBAM2;
				FRAMEWORK_SEARCH_PATHS = (
					"$(inherited)",
					"$(PROJECT_DIR)",
				);
				INFOPLIST_FILE = "affective-chat/Supporting Files/Info.plist";
				IPHONEOS_DEPLOYMENT_TARGET = 10.0;
				LD_RUNPATH_SEARCH_PATHS = "$(inherited) @executable_path/Frameworks";
				PRODUCT_BUNDLE_IDENTIFIER = "de.lmu.ifi.mobile.affective-chat";
				PRODUCT_NAME = "$(TARGET_NAME)";
				PROVISIONING_PROFILE_SPECIFIER = "";
				SWIFT_OBJC_BRIDGING_HEADER = "affective-chat/Supporting Files/affective-chat-Bridging-Header.h";
				SWIFT_VERSION = 4.0;
				TARGETED_DEVICE_FAMILY = "1,2";
			};
			name = Release;
		};
/* End XCBuildConfiguration section */

/* Begin XCConfigurationList section */
		90CAECF11FB36137007693CB /* Build configuration list for PBXProject "affective-chat" */ = {
			isa = XCConfigurationList;
			buildConfigurations = (
				90CAED091FB36137007693CB /* Debug */,
				90CAED0A1FB36137007693CB /* Release */,
			);
			defaultConfigurationIsVisible = 0;
			defaultConfigurationName = Release;
		};
		90CAED0B1FB36137007693CB /* Build configuration list for PBXNativeTarget "affective-chat" */ = {
			isa = XCConfigurationList;
			buildConfigurations = (
				90CAED0C1FB36137007693CB /* Debug */,
				90CAED0D1FB36137007693CB /* Release */,
			);
			defaultConfigurationIsVisible = 0;
			defaultConfigurationName = Release;
		};
/* End XCConfigurationList section */

/* Begin XCVersionGroup section */
		90CAED001FB36137007693CB /* affective_chat.xcdatamodeld */ = {
			isa = XCVersionGroup;
			children = (
				90CAED011FB36137007693CB /* affective_chat.xcdatamodel */,
			);
			currentVersion = 90CAED011FB36137007693CB /* affective_chat.xcdatamodel */;
			path = affective_chat.xcdatamodeld;
			sourceTree = "<group>";
			versionGroupType = wrapper.xcdatamodel;
		};
/* End XCVersionGroup section */
	};
	rootObject = 90CAECEE1FB36137007693CB /* Project object */;
}
