// !$*UTF8*$!
{
	archiveVersion = 1;
	classes = {
	};
	objectVersion = 48;
	objects = {

/* Begin PBXBuildFile section */
		90CAECFA1FB36137007693CB /* AppDelegate.swift in Sources */ = {isa = PBXBuildFile; fileRef = 90CAECF91FB36137007693CB /* AppDelegate.swift */; };
		90CAECFC1FB36137007693CB /* ViewController.swift in Sources */ = {isa = PBXBuildFile; fileRef = 90CAECFB1FB36137007693CB /* ViewController.swift */; };
		90CAECFF1FB36137007693CB /* Main.storyboard in Resources */ = {isa = PBXBuildFile; fileRef = 90CAECFD1FB36137007693CB /* Main.storyboard */; };
		90CAED021FB36137007693CB /* affective_chat.xcdatamodeld in Sources */ = {isa = PBXBuildFile; fileRef = 90CAED001FB36137007693CB /* affective_chat.xcdatamodeld */; };
		90CAED041FB36137007693CB /* Assets.xcassets in Resources */ = {isa = PBXBuildFile; fileRef = 90CAED031FB36137007693CB /* Assets.xcassets */; };
		90CAED071FB36137007693CB /* LaunchScreen.storyboard in Resources */ = {isa = PBXBuildFile; fileRef = 90CAED051FB36137007693CB /* LaunchScreen.storyboard */; };
/* End PBXBuildFile section */

/* Begin PBXFileReference section */
		90CAECF61FB36137007693CB /* affective-chat.app */ = {isa = PBXFileReference; explicitFileType = wrapper.application; includeInIndex = 0; path = "affective-chat.app"; sourceTree = BUILT_PRODUCTS_DIR; };
		90CAECF91FB36137007693CB /* AppDelegate.swift */ = {isa = PBXFileReference; lastKnownFileType = sourcecode.swift; path = AppDelegate.swift; sourceTree = "<group>"; };
		90CAECFB1FB36137007693CB /* ViewController.swift */ = {isa = PBXFileReference; lastKnownFileType = sourcecode.swift; path = ViewController.swift; sourceTree = "<group>"; };
		90CAECFE1FB36137007693CB /* Base */ = {isa = PBXFileReference; lastKnownFileType = file.storyboard; name = Base; path = Base.lproj/Main.storyboard; sourceTree = "<group>"; };
		90CAED011FB36137007693CB /* affective_chat.xcdatamodel */ = {isa = PBXFileReference; lastKnownFileType = wrapper.xcdatamodel; path = affective_chat.xcdatamodel; sourceTree = "<group>"; };
		90CAED031FB36137007693CB /* Assets.xcassets */ = {isa = PBXFileReference; lastKnownFileType = folder.assetcatalog; path = Assets.xcassets; sourceTree = "<group>"; };
		90CAED061FB36137007693CB /* Base */ = {isa = PBXFileReference; lastKnownFileType = file.storyboard; name = Base; path = Base.lproj/LaunchScreen.storyboard; sourceTree = "<group>"; };
		90CAED081FB36137007693CB /* Info.plist */ = {isa = PBXFileReference; lastKnownFileType = text.plist.xml; path = Info.plist; sourceTree = "<group>"; };
		90CAED0E1FB368E8007693CB /* affective-chat.entitlements */ = {isa = PBXFileReference; lastKnownFileType = text.plist.entitlements; path = "affective-chat.entitlements"; sourceTree = "<group>"; };
/* End PBXFileReference section */

/* Begin PBXFrameworksBuildPhase section */
		90CAECF31FB36137007693CB /* Frameworks */ = {
			isa = PBXFrameworksBuildPhase;
			buildActionMask = 2147483647;
			files = (
			);
			runOnlyForDeploymentPostprocessing = 0;
		};
/* End PBXFrameworksBuildPhase section */

/* Begin PBXGroup section */
		90CAECED1FB36137007693CB = {
			isa = PBXGroup;
			children = (
				90CAECF81FB36137007693CB /* affective-chat */,
				90CAECF71FB36137007693CB /* Products */,
			);
			sourceTree = "<group>";
		};
		90CAECF71FB36137007693CB /* Products */ = {
			isa = PBXGroup;
			children = (
				90CAECF61FB36137007693CB /* affective-chat.app */,
			);
			name = Products;
			sourceTree = "<group>";
		};
		90CAECF81FB36137007693CB /* affective-chat */ = {
			isa = PBXGroup;
			children = (
				90CAED0E1FB368E8007693CB /* affective-chat.entitlements */,
				90CAECF91FB36137007693CB /* AppDelegate.swift */,
				90CAECFB1FB36137007693CB /* ViewController.swift */,
				90CAECFD1FB36137007693CB /* Main.storyboard */,
				90CAED031FB36137007693CB /* Assets.xcassets */,
				90CAED051FB36137007693CB /* LaunchScreen.storyboard */,
				90CAED081FB36137007693CB /* Info.plist */,
				90CAED001FB36137007693CB /* affective_chat.xcdatamodeld */,
			);
			path = "affective-chat";
			sourceTree = "<group>";
		};
/* End PBXGroup section */

/* Begin PBXNativeTarget section */
		90CAECF51FB36137007693CB /* affective-chat */ = {
			isa = PBXNativeTarget;
			buildConfigurationList = 90CAED0B1FB36137007693CB /* Build configuration list for PBXNativeTarget "affective-chat" */;
			buildPhases = (
				90CAECF21FB36137007693CB /* Sources */,
				90CAECF31FB36137007693CB /* Frameworks */,
				90CAECF41FB36137007693CB /* Resources */,
			);
			buildRules = (
			);
			dependencies = (
			);
			name = "affective-chat";
			productName = "affective-chat";
			productReference = 90CAECF61FB36137007693CB /* affective-chat.app */;
			productType = "com.apple.product-type.application";
		};
/* End PBXNativeTarget section */

/* Begin PBXProject section */
		90CAECEE1FB36137007693CB /* Project object */ = {
			isa = PBXProject;
			attributes = {
				LastSwiftUpdateCheck = 0910;
				LastUpgradeCheck = 0910;
				ORGANIZATIONNAME = "Florian Fincke";
				TargetAttributes = {
					90CAECF51FB36137007693CB = {
						CreatedOnToolsVersion = 9.1;
						ProvisioningStyle = Automatic;
						SystemCapabilities = {
							com.apple.Push = {
								enabled = 1;
							};
						};
					};
				};
			};
			buildConfigurationList = 90CAECF11FB36137007693CB /* Build configuration list for PBXProject "affective-chat" */;
			compatibilityVersion = "Xcode 8.0";
			developmentRegion = en;
			hasScannedForEncodings = 0;
			knownRegions = (
				en,
				Base,
			);
			mainGroup = 90CAECED1FB36137007693CB;
			productRefGroup = 90CAECF71FB36137007693CB /* Products */;
			projectDirPath = "";
			projectRoot = "";
			targets = (
				90CAECF51FB36137007693CB /* affective-chat */,
			);
		};
/* End PBXProject section */

/* Begin PBXResourcesBuildPhase section */
		90CAECF41FB36137007693CB /* Resources */ = {
			isa = PBXResourcesBuildPhase;
			buildActionMask = 2147483647;
			files = (
				90CAED071FB36137007693CB /* LaunchScreen.storyboard in Resources */,
				90CAED041FB36137007693CB /* Assets.xcassets in Resources */,
				90CAECFF1FB36137007693CB /* Main.storyboard in Resources */,
			);
			runOnlyForDeploymentPostprocessing = 0;
		};
/* End PBXResourcesBuildPhase section */

/* Begin PBXSourcesBuildPhase section */
		90CAECF21FB36137007693CB /* Sources */ = {
			isa = PBXSourcesBuildPhase;
			buildActionMask = 2147483647;
			files = (
				90CAECFC1FB36137007693CB /* ViewController.swift in Sources */,
				90CAECFA1FB36137007693CB /* AppDelegate.swift in Sources */,
				90CAED021FB36137007693CB /* affective_chat.xcdatamodeld in Sources */,
			);
			runOnlyForDeploymentPostprocessing = 0;
		};
/* End PBXSourcesBuildPhase section */

/* Begin PBXVariantGroup section */
		90CAECFD1FB36137007693CB /* Main.storyboard */ = {
			isa = PBXVariantGroup;
			children = (
				90CAECFE1FB36137007693CB /* Base */,
			);
			name = Main.storyboard;
			sourceTree = "<group>";
		};
		90CAED051FB36137007693CB /* LaunchScreen.storyboard */ = {
			isa = PBXVariantGroup;
			children = (
				90CAED061FB36137007693CB /* Base */,
			);
			name = LaunchScreen.storyboard;
			sourceTree = "<group>";
		};
/* End PBXVariantGroup section */

/* Begin XCBuildConfiguration section */
		90CAED091FB36137007693CB /* Debug */ = {
			isa = XCBuildConfiguration;
			buildSettings = {
				ALWAYS_SEARCH_USER_PATHS = NO;
				CLANG_ANALYZER_NONNULL = YES;
				CLANG_ANALYZER_NUMBER_OBJECT_CONVERSION = YES_AGGRESSIVE;
				CLANG_CXX_LANGUAGE_STANDARD = "gnu++14";
				CLANG_CXX_LIBRARY = "libc++";
				CLANG_ENABLE_MODULES = YES;
				CLANG_ENABLE_OBJC_ARC = YES;
				CLANG_WARN_BLOCK_CAPTURE_AUTORELEASING = YES;
				CLANG_WARN_BOOL_CONVERSION = YES;
				CLANG_WARN_COMMA = YES;
				CLANG_WARN_CONSTANT_CONVERSION = YES;
				CLANG_WARN_DIRECT_OBJC_ISA_USAGE = YES_ERROR;
				CLANG_WARN_DOCUMENTATION_COMMENTS = YES;
				CLANG_WARN_EMPTY_BODY = YES;
				CLANG_WARN_ENUM_CONVERSION = YES;
				CLANG_WARN_INFINITE_RECURSION = YES;
				CLANG_WARN_INT_CONVERSION = YES;
				CLANG_WARN_NON_LITERAL_NULL_CONVERSION = YES;
				CLANG_WARN_OBJC_LITERAL_CONVERSION = YES;
				CLANG_WARN_OBJC_ROOT_CLASS = YES_ERROR;
				CLANG_WARN_RANGE_LOOP_ANALYSIS = YES;
				CLANG_WARN_STRICT_PROTOTYPES = YES;
				CLANG_WARN_SUSPICIOUS_MOVE = YES;
				CLANG_WARN_UNGUARDED_AVAILABILITY = YES_AGGRESSIVE;
				CLANG_WARN_UNREACHABLE_CODE = YES;
				CLANG_WARN__DUPLICATE_METHOD_MATCH = YES;
				CODE_SIGN_IDENTITY = "iPhone Developer";
				COPY_PHASE_STRIP = NO;
				DEBUG_INFORMATION_FORMAT = dwarf;
				ENABLE_STRICT_OBJC_MSGSEND = YES;
				ENABLE_TESTABILITY = YES;
				GCC_C_LANGUAGE_STANDARD = gnu11;
				GCC_DYNAMIC_NO_PIC = NO;
				GCC_NO_COMMON_BLOCKS = YES;
				GCC_OPTIMIZATION_LEVEL = 0;
				GCC_PREPROCESSOR_DEFINITIONS = (
					"DEBUG=1",
					"$(inherited)",
				);
				GCC_WARN_64_TO_32_BIT_CONVERSION = YES;
				GCC_WARN_ABOUT_RETURN_TYPE = YES_ERROR;
				GCC_WARN_UNDECLARED_SELECTOR = YES;
				GCC_WARN_UNINITIALIZED_AUTOS = YES_AGGRESSIVE;
				GCC_WARN_UNUSED_FUNCTION = YES;
				GCC_WARN_UNUSED_VARIABLE = YES;
				IPHONEOS_DEPLOYMENT_TARGET = 11.1;
				MTL_ENABLE_DEBUG_INFO = YES;
				ONLY_ACTIVE_ARCH = YES;
				SDKROOT = iphoneos;
				SWIFT_ACTIVE_COMPILATION_CONDITIONS = DEBUG;
				SWIFT_OPTIMIZATION_LEVEL = "-Onone";
			};
			name = Debug;
		};
		90CAED0A1FB36137007693CB /* Release */ = {
			isa = XCBuildConfiguration;
			buildSettings = {
				ALWAYS_SEARCH_USER_PATHS = NO;
				CLANG_ANALYZER_NONNULL = YES;
				CLANG_ANALYZER_NUMBER_OBJECT_CONVERSION = YES_AGGRESSIVE;
				CLANG_CXX_LANGUAGE_STANDARD = "gnu++14";
				CLANG_CXX_LIBRARY = "libc++";
				CLANG_ENABLE_MODULES = YES;
				CLANG_ENABLE_OBJC_ARC = YES;
				CLANG_WARN_BLOCK_CAPTURE_AUTORELEASING = YES;
				CLANG_WARN_BOOL_CONVERSION = YES;
				CLANG_WARN_COMMA = YES;
				CLANG_WARN_CONSTANT_CONVERSION = YES;
				CLANG_WARN_DIRECT_OBJC_ISA_USAGE = YES_ERROR;
				CLANG_WARN_DOCUMENTATION_COMMENTS = YES;
				CLANG_WARN_EMPTY_BODY = YES;
				CLANG_WARN_ENUM_CONVERSION = YES;
				CLANG_WARN_INFINITE_RECURSION = YES;
				CLANG_WARN_INT_CONVERSION = YES;
				CLANG_WARN_NON_LITERAL_NULL_CONVERSION = YES;
				CLANG_WARN_OBJC_LITERAL_CONVERSION = YES;
				CLANG_WARN_OBJC_ROOT_CLASS = YES_ERROR;
				CLANG_WARN_RANGE_LOOP_ANALYSIS = YES;
				CLANG_WARN_STRICT_PROTOTYPES = YES;
				CLANG_WARN_SUSPICIOUS_MOVE = YES;
				CLANG_WARN_UNGUARDED_AVAILABILITY = YES_AGGRESSIVE;
				CLANG_WARN_UNREACHABLE_CODE = YES;
				CLANG_WARN__DUPLICATE_METHOD_MATCH = YES;
				CODE_SIGN_IDENTITY = "iPhone Developer";
				COPY_PHASE_STRIP = NO;
				DEBUG_INFORMATION_FORMAT = "dwarf-with-dsym";
				ENABLE_NS_ASSERTIONS = NO;
				ENABLE_STRICT_OBJC_MSGSEND = YES;
				GCC_C_LANGUAGE_STANDARD = gnu11;
				GCC_NO_COMMON_BLOCKS = YES;
				GCC_WARN_64_TO_32_BIT_CONVERSION = YES;
				GCC_WARN_ABOUT_RETURN_TYPE = YES_ERROR;
				GCC_WARN_UNDECLARED_SELECTOR = YES;
				GCC_WARN_UNINITIALIZED_AUTOS = YES_AGGRESSIVE;
				GCC_WARN_UNUSED_FUNCTION = YES;
				GCC_WARN_UNUSED_VARIABLE = YES;
				IPHONEOS_DEPLOYMENT_TARGET = 11.1;
				MTL_ENABLE_DEBUG_INFO = NO;
				SDKROOT = iphoneos;
				SWIFT_OPTIMIZATION_LEVEL = "-Owholemodule";
				VALIDATE_PRODUCT = YES;
			};
			name = Release;
		};
		90CAED0C1FB36137007693CB /* Debug */ = {
			isa = XCBuildConfiguration;
			buildSettings = {
				ASSETCATALOG_COMPILER_APPICON_NAME = AppIcon;
				CODE_SIGN_ENTITLEMENTS = "affective-chat/affective-chat.entitlements";
				"CODE_SIGN_IDENTITY[sdk=iphoneos*]" = "iPhone Developer";
				CODE_SIGN_STYLE = Automatic;
				DEVELOPMENT_TEAM = C7PLUFBAM2;
				INFOPLIST_FILE = "affective-chat/Info.plist";
				IPHONEOS_DEPLOYMENT_TARGET = 10.0;
				LD_RUNPATH_SEARCH_PATHS = "$(inherited) @executable_path/Frameworks";
				PRODUCT_BUNDLE_IDENTIFIER = "de.lmu.ifi.mobile.affective-chat";
				PRODUCT_NAME = "$(TARGET_NAME)";
				PROVISIONING_PROFILE_SPECIFIER = "";
				SWIFT_VERSION = 4.0;
				TARGETED_DEVICE_FAMILY = "1,2";
			};
			name = Debug;
		};
		90CAED0D1FB36137007693CB /* Release */ = {
			isa = XCBuildConfiguration;
			buildSettings = {
				ASSETCATALOG_COMPILER_APPICON_NAME = AppIcon;
				CODE_SIGN_ENTITLEMENTS = "affective-chat/affective-chat.entitlements";
				"CODE_SIGN_IDENTITY[sdk=iphoneos*]" = "iPhone Developer";
				CODE_SIGN_STYLE = Automatic;
				DEVELOPMENT_TEAM = C7PLUFBAM2;
				INFOPLIST_FILE = "affective-chat/Info.plist";
				IPHONEOS_DEPLOYMENT_TARGET = 10.0;
				LD_RUNPATH_SEARCH_PATHS = "$(inherited) @executable_path/Frameworks";
				PRODUCT_BUNDLE_IDENTIFIER = "de.lmu.ifi.mobile.affective-chat";
				PRODUCT_NAME = "$(TARGET_NAME)";
				PROVISIONING_PROFILE_SPECIFIER = "";
				SWIFT_VERSION = 4.0;
				TARGETED_DEVICE_FAMILY = "1,2";
			};
			name = Release;
		};
/* End XCBuildConfiguration section */

/* Begin XCConfigurationList section */
		90CAECF11FB36137007693CB /* Build configuration list for PBXProject "affective-chat" */ = {
			isa = XCConfigurationList;
			buildConfigurations = (
				90CAED091FB36137007693CB /* Debug */,
				90CAED0A1FB36137007693CB /* Release */,
			);
			defaultConfigurationIsVisible = 0;
			defaultConfigurationName = Release;
		};
		90CAED0B1FB36137007693CB /* Build configuration list for PBXNativeTarget "affective-chat" */ = {
			isa = XCConfigurationList;
			buildConfigurations = (
				90CAED0C1FB36137007693CB /* Debug */,
				90CAED0D1FB36137007693CB /* Release */,
			);
			defaultConfigurationIsVisible = 0;
			defaultConfigurationName = Release;
		};
/* End XCConfigurationList section */

/* Begin XCVersionGroup section */
		90CAED001FB36137007693CB /* affective_chat.xcdatamodeld */ = {
			isa = XCVersionGroup;
			children = (
				90CAED011FB36137007693CB /* affective_chat.xcdatamodel */,
			);
			currentVersion = 90CAED011FB36137007693CB /* affective_chat.xcdatamodel */;
			path = affective_chat.xcdatamodeld;
			sourceTree = "<group>";
			versionGroupType = wrapper.xcdatamodel;
		};
/* End XCVersionGroup section */
	};
	rootObject = 90CAECEE1FB36137007693CB /* Project object */;
}
